
Microsoft Visual Studio Solution File, Format Version 12.00
# Visual Studio Version 17
VisualStudioVersion = 17.0.31903.59
MinimumVisualStudioVersion = 10.0.40219.1
Project("{2150E333-8FDC-42A3-9474-1A3956D46DE8}") = "Source", "Source", "{B8EFCA5F-814F-285C-A8CB-F00F14650265}"
EndProject
Project("{FAE04EC0-301F-11D3-BF4B-00C04F79EFBC}") = "GameBase", "Source\GameBase\GameBase.csproj", "{797E1D9F-244B-43C8-AE71-7DAD073C93B5}"
EndProject
Project("{FAE04EC0-301F-11D3-BF4B-00C04F79EFBC}") = "AccServer", "Source\AccServer\AccServer.csproj", "{F67F2E33-01C6-4C3C-AA18-DF9E76514B84}"
EndProject
Project("{FAE04EC0-301F-11D3-BF4B-00C04F79EFBC}") = "DBServer", "Source\DBServer\DBServer.csproj", "{26DE87F8-BA90-4CD8-A8DC-B94EAB6E8D39}"
EndProject
Project("{FAE04EC0-301F-11D3-BF4B-00C04F79EFBC}") = "LoginServer", "Source\LoginServer\LoginServer.csproj", "{3252485B-FD37-4F01-8FA1-6DEE802C6F54}"
EndProject
Project("{FAE04EC0-301F-11D3-BF4B-00C04F79EFBC}") = "MapServer", "Source\MapServer\MapServer.csproj", "{51C13C2F-9F85-4D32-A0A9-2AEE713BAD7C}"
EndProject
Project("{FAE04EC0-301F-11D3-BF4B-00C04F79EFBC}") = "UnifiedServerHost", "UnifiedServerHost\UnifiedServerHost.csproj", "{5A8B8293-A54B-4A5B-9923-6D826685CD29}"
EndProject
Global
	GlobalSection(SolutionConfigurationPlatforms) = preSolution
		Debug|Any CPU = Debug|Any CPU
		Debug|x64 = Debug|x64
		Debug|x86 = Debug|x86
		Release|Any CPU = Release|Any CPU
		Release|x64 = Release|x64
		Release|x86 = Release|x86
	EndGlobalSection
	GlobalSection(ProjectConfigurationPlatforms) = postSolution
		{797E1D9F-244B-43C8-AE71-7DAD073C93B5}.Debug|Any CPU.ActiveCfg = Debug|Any CPU
		{797E1D9F-244B-43C8-AE71-7DAD073C93B5}.Debug|Any CPU.Build.0 = Debug|Any CPU
		{797E1D9F-244B-43C8-AE71-7DAD073C93B5}.Debug|x64.ActiveCfg = Debug|Any CPU
		{797E1D9F-244B-43C8-AE71-7DAD073C93B5}.Debug|x64.Build.0 = Debug|Any CPU
		{797E1D9F-244B-43C8-AE71-7DAD073C93B5}.Debug|x86.ActiveCfg = Debug|Any CPU
		{797E1D9F-244B-43C8-AE71-7DAD073C93B5}.Debug|x86.Build.0 = Debug|Any CPU
		{797E1D9F-244B-43C8-AE71-7DAD073C93B5}.Release|Any CPU.ActiveCfg = Release|Any CPU
		{797E1D9F-244B-43C8-AE71-7DAD073C93B5}.Release|Any CPU.Build.0 = Release|Any CPU
		{797E1D9F-244B-43C8-AE71-7DAD073C93B5}.Release|x64.ActiveCfg = Release|Any CPU
		{797E1D9F-244B-43C8-AE71-7DAD073C93B5}.Release|x64.Build.0 = Release|Any CPU
		{797E1D9F-244B-43C8-AE71-7DAD073C93B5}.Release|x86.ActiveCfg = Release|Any CPU
		{797E1D9F-244B-43C8-AE71-7DAD073C93B5}.Release|x86.Build.0 = Release|Any CPU
		{F67F2E33-01C6-4C3C-AA18-DF9E76514B84}.Debug|Any CPU.ActiveCfg = Debug|Any CPU
		{F67F2E33-01C6-4C3C-AA18-DF9E76514B84}.Debug|Any CPU.Build.0 = Debug|Any CPU
		{F67F2E33-01C6-4C3C-AA18-DF9E76514B84}.Debug|x64.ActiveCfg = Debug|Any CPU
		{F67F2E33-01C6-4C3C-AA18-DF9E76514B84}.Debug|x64.Build.0 = Debug|Any CPU
		{F67F2E33-01C6-4C3C-AA18-DF9E76514B84}.Debug|x86.ActiveCfg = Debug|Any CPU
		{F67F2E33-01C6-4C3C-AA18-DF9E76514B84}.Debug|x86.Build.0 = Debug|Any CPU
		{F67F2E33-01C6-4C3C-AA18-DF9E76514B84}.Release|Any CPU.ActiveCfg = Release|Any CPU
		{F67F2E33-01C6-4C3C-AA18-DF9E76514B84}.Release|Any CPU.Build.0 = Release|Any CPU
		{F67F2E33-01C6-4C3C-AA18-DF9E76514B84}.Release|x64.ActiveCfg = Release|Any CPU
		{F67F2E33-01C6-4C3C-AA18-DF9E76514B84}.Release|x64.Build.0 = Release|Any CPU
		{F67F2E33-01C6-4C3C-AA18-DF9E76514B84}.Release|x86.ActiveCfg = Release|Any CPU
		{F67F2E33-01C6-4C3C-AA18-DF9E76514B84}.Release|x86.Build.0 = Release|Any CPU
		{26DE87F8-BA90-4CD8-A8DC-B94EAB6E8D39}.Debug|Any CPU.ActiveCfg = Debug|Any CPU
		{26DE87F8-BA90-4CD8-A8DC-B94EAB6E8D39}.Debug|Any CPU.Build.0 = Debug|Any CPU
		{26DE87F8-BA90-4CD8-A8DC-B94EAB6E8D39}.Debug|x64.ActiveCfg = Debug|Any CPU
		{26DE87F8-BA90-4CD8-A8DC-B94EAB6E8D39}.Debug|x64.Build.0 = Debug|Any CPU
		{26DE87F8-BA90-4CD8-A8DC-B94EAB6E8D39}.Debug|x86.ActiveCfg = Debug|Any CPU
		{26DE87F8-BA90-4CD8-A8DC-B94EAB6E8D39}.Debug|x86.Build.0 = Debug|Any CPU
		{26DE87F8-BA90-4CD8-A8DC-B94EAB6E8D39}.Release|Any CPU.ActiveCfg = Release|Any CPU
		{26DE87F8-BA90-4CD8-A8DC-B94EAB6E8D39}.Release|Any CPU.Build.0 = Release|Any CPU
		{26DE87F8-BA90-4CD8-A8DC-B94EAB6E8D39}.Release|x64.ActiveCfg = Release|Any CPU
		{26DE87F8-BA90-4CD8-A8DC-B94EAB6E8D39}.Release|x64.Build.0 = Release|Any CPU
		{26DE87F8-BA90-4CD8-A8DC-B94EAB6E8D39}.Release|x86.ActiveCfg = Release|Any CPU
		{26DE87F8-BA90-4CD8-A8DC-B94EAB6E8D39}.Release|x86.Build.0 = Release|Any CPU
		{3252485B-FD37-4F01-8FA1-6DEE802C6F54}.Debug|Any CPU.ActiveCfg = Debug|Any CPU
		{3252485B-FD37-4F01-8FA1-6DEE802C6F54}.Debug|Any CPU.Build.0 = Debug|Any CPU
		{3252485B-FD37-4F01-8FA1-6DEE802C6F54}.Debug|x64.ActiveCfg = Debug|Any CPU
		{3252485B-FD37-4F01-8FA1-6DEE802C6F54}.Debug|x64.Build.0 = Debug|Any CPU
		{3252485B-FD37-4F01-8FA1-6DEE802C6F54}.Debug|x86.ActiveCfg = Debug|Any CPU
		{3252485B-FD37-4F01-8FA1-6DEE802C6F54}.Debug|x86.Build.0 = Debug|Any CPU
		{3252485B-FD37-4F01-8FA1-6DEE802C6F54}.Release|Any CPU.ActiveCfg = Release|Any CPU
		{3252485B-FD37-4F01-8FA1-6DEE802C6F54}.Release|Any CPU.Build.0 = Release|Any CPU
		{3252485B-FD37-4F01-8FA1-6DEE802C6F54}.Release|x64.ActiveCfg = Release|Any CPU
		{3252485B-FD37-4F01-8FA1-6DEE802C6F54}.Release|x64.Build.0 = Release|Any CPU
		{3252485B-FD37-4F01-8FA1-6DEE802C6F54}.Release|x86.ActiveCfg = Release|Any CPU
		{3252485B-FD37-4F01-8FA1-6DEE802C6F54}.Release|x86.Build.0 = Release|Any CPU
		{51C13C2F-9F85-4D32-A0A9-2AEE713BAD7C}.Debug|Any CPU.ActiveCfg = Debug|Any CPU
		{51C13C2F-9F85-4D32-A0A9-2AEE713BAD7C}.Debug|Any CPU.Build.0 = Debug|Any CPU
		{51C13C2F-9F85-4D32-A0A9-2AEE713BAD7C}.Debug|x64.ActiveCfg = Debug|Any CPU
		{51C13C2F-9F85-4D32-A0A9-2AEE713BAD7C}.Debug|x64.Build.0 = Debug|Any CPU
		{51C13C2F-9F85-4D32-A0A9-2AEE713BAD7C}.Debug|x86.ActiveCfg = Debug|Any CPU
		{51C13C2F-9F85-4D32-A0A9-2AEE713BAD7C}.Debug|x86.Build.0 = Debug|Any CPU
		{51C13C2F-9F85-4D32-A0A9-2AEE713BAD7C}.Release|Any CPU.ActiveCfg = Release|Any CPU
		{51C13C2F-9F85-4D32-A0A9-2AEE713BAD7C}.Release|Any CPU.Build.0 = Release|Any CPU
		{51C13C2F-9F85-4D32-A0A9-2AEE713BAD7C}.Release|x64.ActiveCfg = Release|Any CPU
		{51C13C2F-9F85-4D32-A0A9-2AEE713BAD7C}.Release|x64.Build.0 = Release|Any CPU
		{51C13C2F-9F85-4D32-A0A9-2AEE713BAD7C}.Release|x86.ActiveCfg = Release|Any CPU
		{51C13C2F-9F85-4D32-A0A9-2AEE713BAD7C}.Release|x86.Build.0 = Release|Any CPU
		{5A8B8293-A54B-4A5B-9923-6D826685CD29}.Debug|Any CPU.ActiveCfg = Debug|Any CPU
		{5A8B8293-A54B-4A5B-9923-6D826685CD29}.Debug|Any CPU.Build.0 = Debug|Any CPU
		{5A8B8293-A54B-4A5B-9923-6D826685CD29}.Debug|x64.ActiveCfg = Debug|Any CPU
		{5A8B8293-A54B-4A5B-9923-6D826685CD29}.Debug|x64.Build.0 = Debug|Any CPU
		{5A8B8293-A54B-4A5B-9923-6D826685CD29}.Debug|x86.ActiveCfg = Debug|Any CPU
		{5A8B8293-A54B-4A5B-9923-6D826685CD29}.Debug|x86.Build.0 = Debug|Any CPU
		{5A8B8293-A54B-4A5B-9923-6D826685CD29}.Release|Any CPU.ActiveCfg = Release|Any CPU
		{5A8B8293-A54B-4A5B-9923-6D826685CD29}.Release|Any CPU.Build.0 = Release|Any CPU
		{5A8B8293-A54B-4A5B-9923-6D826685CD29}.Release|x64.ActiveCfg = Release|Any CPU
		{5A8B8293-A54B-4A5B-9923-6D826685CD29}.Release|x64.Build.0 = Release|Any CPU
		{5A8B8293-A54B-4A5B-9923-6D826685CD29}.Release|x86.ActiveCfg = Release|Any CPU
		{5A8B8293-A54B-4A5B-9923-6D826685CD29}.Release|x86.Build.0 = Release|Any CPU
	EndGlobalSection
	GlobalSection(SolutionProperties) = preSolution
		HideSolutionNode = FALSE
	EndGlobalSection
	GlobalSection(NestedProjects) = preSolution
		{797E1D9F-244B-43C8-AE71-7DAD073C93B5} = {B8EFCA5F-814F-285C-A8CB-F00F14650265}
		{F67F2E33-01C6-4C3C-AA18-DF9E76514B84} = {B8EFCA5F-814F-285C-A8CB-F00F14650265}
		{26DE87F8-BA90-4CD8-A8DC-B94EAB6E8D39} = {B8EFCA5F-814F-285C-A8CB-F00F14650265}
		{3252485B-FD37-4F01-8FA1-6DEE802C6F54} = {B8EFCA5F-814F-285C-A8CB-F00F14650265}
		{51C13C2F-9F85-4D32-A0A9-2AEE713BAD7C} = {B8EFCA5F-814F-285C-A8CB-F00F14650265}
		{5A8B8293-A54B-4A5B-9923-6D826685CD29} = {B8EFCA5F-814F-285C-A8CB-F00F14650265}
	EndGlobalSection
EndGlobal
